github.com/davecgh/go-spew v1.1.0/go.mod h1:J7Y8YcW2NihsgmVo/mv3lAwl/skON4iLHjSsI+c5H38=
github.com/davecgh/go-spew v1.1.1 h1:vj9j/u1bqnvCEfJOwUhtlOARqs3+rkHYY13jYWTU97c=
github.com/davecgh/go-spew v1.1.1/go.mod h1:J7Y8YcW2NihsgmVo/mv3lAwl/skON4iLHjSsI+c5H38=
github.com/fsnotify/fsnotify v1.6.0 h1:n+5WquG0fcWoWp6xPWfHdbskMCQaFnG6PfBrh1Ky4HY=
github.com/fsnotify/fsnotify v1.6.0/go.mod h1:sl3t1tCWJFWoRz9R8WJCbQihKKwmorjAbSClcnxKAGw=
github.com/nicois/cache v0.0.0-20230227103345-85fe1201b3d4 h1:lRsXTRrRA70PSsVoek5TX47Z7hkY82Cj03zyuqkxm8M=
github.com/nicois/cache v0.0.0-20230227103345-85fe1201b3d4/go.mod h1:7us46w6JGvLy8F0QZHnYEE8uV5jkc2E1N7RvS4VhDyQ=
github.com/nicois/file v0.0.0-20230309073744-e6bf63959c2a h1:jjEbY6pEIaVfDIeJHAtxvLkgRI/XkmFk1nfjbMRCBAc=
github.com/nicois/file v0.0.0-20230309073744-e6bf63959c2a/go.mod h1:lMfhjniPLg3qS3+dZkJ9s8Z/eWu/6tXl/cZSnTuRE2s=
github.com/nicois/git v0.0.0-20230228004916-5e651dd241ec h1:4YVgKxwyq0krz1i1GTW1ykK9SY1yTRqBHwA4W/Mcfdg=
github.com/nicois/git v0.0.0-20230228004916-5e651dd241ec/go.mod h1:5SX+mUPavU5tMEsSwvRoE2t2a03nLF4MOF5W8t2sX1E=
github.com/nicois/pyast v0.0.0-20230228131005-8791ede019d7 h1:oLjvUT89MxjNMHvjazWAygpzUPiO6qJsfa7bD5pgDwg=
github.com/nicois/pyast v0.0.0-20230228131005-8791ede019d7/go.mod h1:mid2l293Gko/nBImxvinLSrNp56Cj/C4gXGny9LJE/k=
github.com/pmezard/go-difflib v1.0.0 h1:4DBwDE0NGyQoBHbLQYPwSUPoCMWR5BEzIk/f1lZbAQM=
github.com/pmezard/go-difflib v1.0.0/go.mod h1:iKH77koFhYxTK1pcRnkKkqfTogsbg7gZNVY4sRDYZ/4=
github.com/sirupsen/logrus v1.9.0 h1:trlNQbNUG3OdDrDil03MCb1H2o9nJ1x4/5LYw7byDE0=
github.com/sirupsen/logrus v1.9.0/go.mod h1:naHLuLoDiP4jHNo9R0sCBMtWGeIprob74mVsIT4qYEQ=
github.com/stretchr/objx v0.1.0/go.mod h1:HFkY916IF+rwdDfMAkV7OtwuqBVzrE8GR6GFx+wExME=
github.com/stretchr/testify v1.7.0 h1:nwc3DEeHmmLAfoZucVR881uASk0Mfjw8xYJ99tb5CcY=
github.com/stretchr/testify v1.7.0/go.mod h1:6Fq8oRcR53rry900zMqJjRRixrwX3KX962/h/Wwjteg=
golang.org/x/sync v0.1.0 h1:wsuoTGHzEhffawBOhz5CYhcrV4IdKZbEyZjBMuTp12o=
golang.org/x/sync v0.1.0/go.mod h1:RxMgew5VJxzue5/jJTE5uejpjVlOe/izrB70Jof72aM=
golang.org/x/sys v0.0.0-20220715151400-c0bba94af5f8/go.mod h1:oPkhp1MJrh7nUepCBck5+mAzfO9JrbApNNgaTdGDITg=
golang.org/x/sys v0.0.0-20220908164124-27713097b956 h1:XeJjHH1KiLpKGb6lvMiksZ9l0fVUh+AmGcm0nOMEBOY=
golang.org/x/sys v0.0.0-20220908164124-27713097b956/go.mod h1:oPkhp1MJrh7nUepCBck5+mAzfO9JrbApNNgaTdGDITg=
gopkg.in/check.v1 v0.0.0-20161208181325-20d25e280405/go.mod h1:Co6ibVJAznAaIkqp8huTwlJQCZ016jof/cbN4VW5Yz0=
gopkg.in/yaml.v3 v3.0.0-20200313102051-9f266ea9e77c h1:dUUwHk2QECo/6vqA44rthZ8ie2QXMNeKRTHCNY2nXvo=
gopkg.in/yaml.v3 v3.0.0-20200313102051-9f266ea9e77c/go.mod h1:K4uyk7z7BCEPqu6E+C64Yfv1cQ7kz7rIZviUmN+EgEM=
